
Microsoft Visual Studio Solution File, Format Version 12.00
# Visual Studio Version 17
VisualStudioVersion = 17.7.34031.279
MinimumVisualStudioVersion = 10.0.40219.1
Project("{FAE04EC0-301F-11D3-BF4B-00C04F79EFBC}") = "ChatClientAssignment1", "ChatClientAssignment1\ChatClientAssignment1.csproj", "{B14A9B2B-CFA5-45B7-8794-7429D785C88B}"
EndProject
Global
	GlobalSection(SolutionConfigurationPlatforms) = preSolution
		Debug|Any CPU = Debug|Any CPU
		Release|Any CPU = Release|Any CPU
	EndGlobalSection
	GlobalSection(ProjectConfigurationPlatforms) = postSolution
		{B14A9B2B-CFA5-45B7-8794-7429D785C88B}.Debug|Any CPU.ActiveCfg = Debug|Any CPU
		{B14A9B2B-CFA5-45B7-8794-7429D785C88B}.Debug|Any CPU.Build.0 = Debug|Any CPU
		{B14A9B2B-CFA5-45B7-8794-7429D785C88B}.Release|Any CPU.ActiveCfg = Release|Any CPU
		{B14A9B2B-CFA5-45B7-8794-7429D785C88B}.Release|Any CPU.Build.0 = Release|Any CPU
	EndGlobalSection
	GlobalSection(SolutionProperties) = preSolution
		HideSolutionNode = FALSE
	EndGlobalSection
	GlobalSection(ExtensibilityGlobals) = postSolution
		SolutionGuid = {78944147-105A-453F-A55B-E574DC46FC39}
	EndGlobalSection
EndGlobal
